SITE
  remote: http://community.opscode.com/api/v1
  specs:
    dmg (1.0.0)
    git (1.0.0)
      dmg (>= 0.0.0)
      runit (>= 0.0.0)
      yum (>= 0.0.0)
    runit (0.15.0)
    vim (1.0.2)
    yum (0.8.0)
    zsh (0.7.0)

GIT
  remote: https://github.com/pklein/chef-oh-my-zsh
  ref: master
  sha: b91f76fd297c7ce484b1cd524d9052005ecb60ca
  specs:
    oh-my-zsh (0.0.1)
      git (>= 0.0.0)
      zsh (>= 0.0.0)

GIT
  remote: https://github.com/pklein/chef-xmonad
  ref: master
  sha: f88f84b71b447d5af115a645d8d148768b7ee2b4
  specs:
    xmonad (0.0.1)

DEPENDENCIES
  oh-my-zsh (>= 0)
  vim (>= 0)
  xmonad (>= 0)

