SITE
  remote: http://community.opscode.com/api/v1
  specs:
    dmg (1.0.0)
    git (1.0.0)
      dmg (>= 0.0.0)
      runit (>= 0.0.0)
      yum (>= 0.0.0)
    runit (0.15.0)
    vim (1.0.2)
    yum (0.8.0)
    zsh (0.7.0)

GIT
  remote: https://github.com/pklein/chef-oh-my-zsh
  ref: master
  sha: 3d10d46e0f345c4349495fb481e8b1c6c69e25b7
  specs:
    oh-my-zsh (0.0.1)
      git (>= 0.0.0)
      zsh (>= 0.0.0)

GIT
  remote: https://github.com/pklein/chef-xmonad
  ref: master
  sha: a4316b09cb5eef2c28cef304e9e82212f62868ea
  specs:
    xmonad (0.0.1)

DEPENDENCIES
  oh-my-zsh (>= 0)
  vim (>= 0)
  xmonad (>= 0)

